
Microsoft Visual Studio Solution File, Format Version 12.00
# Visual Studio Version 16
VisualStudioVersion = 16.0.33214.272
MinimumVisualStudioVersion = 10.0.40219.1
Project("{FAE04EC0-301F-11D3-BF4B-00C04F79EFBC}") = "WaterProject", "WaterProject\WaterProject.csproj", "{5E89DCED-E2FC-41AE-82C1-C5631727D07B}"
EndProject
Global
	GlobalSection(SolutionConfigurationPlatforms) = preSolution
		Debug|Any CPU = Debug|Any CPU
		Release|Any CPU = Release|Any CPU
	EndGlobalSection
	GlobalSection(ProjectConfigurationPlatforms) = postSolution
		{5E89DCED-E2FC-41AE-82C1-C5631727D07B}.Debug|Any CPU.ActiveCfg = Debug|Any CPU
		{5E89DCED-E2FC-41AE-82C1-C5631727D07B}.Debug|Any CPU.Build.0 = Debug|Any CPU
		{5E89DCED-E2FC-41AE-82C1-C5631727D07B}.Release|Any CPU.ActiveCfg = Release|Any CPU
		{5E89DCED-E2FC-41AE-82C1-C5631727D07B}.Release|Any CPU.Build.0 = Release|Any CPU
	EndGlobalSection
	GlobalSection(SolutionProperties) = preSolution
		HideSolutionNode = FALSE
	EndGlobalSection
	GlobalSection(ExtensibilityGlobals) = postSolution
		SolutionGuid = {833C1BBE-7974-42FE-B95C-1B8FFDD27113}
	EndGlobalSection
EndGlobal
